// !$*UTF8*$!
{
	archiveVersion = 1;
	classes = {
	};
	objectVersion = 46;
	objects = {

/* Begin PBXBuildFile section */
		0A20B7351F0DABB100659709 /* UIViewController+Utils.swift in Sources */ = {isa = PBXBuildFile; fileRef = 0A20B7341F0DABB100659709 /* UIViewController+Utils.swift */; };
		0A20B7391F0DAC0700659709 /* UIColor+Utils.swift in Sources */ = {isa = PBXBuildFile; fileRef = 0A20B7381F0DAC0700659709 /* UIColor+Utils.swift */; };
		0A20B73B1F0DAC4700659709 /* UIView+Utils.swift in Sources */ = {isa = PBXBuildFile; fileRef = 0A20B73A1F0DAC4700659709 /* UIView+Utils.swift */; };
		0A20B7421F0DD53F00659709 /* GameViewController+SetupUtils.swift in Sources */ = {isa = PBXBuildFile; fileRef = 0A20B7411F0DD53E00659709 /* GameViewController+SetupUtils.swift */; };
		0A20B7441F0DD56100659709 /* GameVewController+GameplayUtils.swift in Sources */ = {isa = PBXBuildFile; fileRef = 0A20B7431F0DD56100659709 /* GameVewController+GameplayUtils.swift */; };
		0A48BB271F0EF256007CDA28 /* GoogleService-Info.plist in Resources */ = {isa = PBXBuildFile; fileRef = 0A48BB261F0EF256007CDA28 /* GoogleService-Info.plist */; };
		0A48BB291F0F1465007CDA28 /* CoreDataStack.swift in Sources */ = {isa = PBXBuildFile; fileRef = 0A48BB281F0F1465007CDA28 /* CoreDataStack.swift */; };
		0A8402291F0F175F00ED7847 /* Round+CoreDataClass.swift in Sources */ = {isa = PBXBuildFile; fileRef = 0A8402271F0F175F00ED7847 /* Round+CoreDataClass.swift */; };
		0A84022A1F0F175F00ED7847 /* Round+CoreDataProperties.swift in Sources */ = {isa = PBXBuildFile; fileRef = 0A8402281F0F175F00ED7847 /* Round+CoreDataProperties.swift */; };
		0A84022D1F0F6D0900ED7847 /* SuccessViewController.swift in Sources */ = {isa = PBXBuildFile; fileRef = 0A84022C1F0F6D0900ED7847 /* SuccessViewController.swift */; };
		0ABDB0721F118F64009C313C /* UIStackView+Clear.swift in Sources */ = {isa = PBXBuildFile; fileRef = 0ABDB0711F118F64009C313C /* UIStackView+Clear.swift */; };
		27877E3D8F6667F0B48DC369 /* Pods_Chatwa_iOS.framework in Frameworks */ = {isa = PBXBuildFile; fileRef = A5C83F71223E4B72DB5BC86E /* Pods_Chatwa_iOS.framework */; };
		8A4BFA661EE65F27007E320F /* AwohButton.swift in Sources */ = {isa = PBXBuildFile; fileRef = 8A4BFA651EE65F27007E320F /* AwohButton.swift */; };
		8A5D02441EDF246D00C3765E /* GameViewController.swift in Sources */ = {isa = PBXBuildFile; fileRef = 8A5D02431EDF246D00C3765E /* GameViewController.swift */; };
		8A7E13671EDF7A7C0031F8A3 /* awoh.mp3 in Resources */ = {isa = PBXBuildFile; fileRef = 8A7E13661EDF7A7C0031F8A3 /* awoh.mp3 */; };
		8A7E13691EDF7A820031F8A3 /* click.mp3 in Resources */ = {isa = PBXBuildFile; fileRef = 8A7E13681EDF7A820031F8A3 /* click.mp3 */; };
		8A7E136C1EDF7C400031F8A3 /* Constants.swift in Sources */ = {isa = PBXBuildFile; fileRef = 8A7E136B1EDF7C400031F8A3 /* Constants.swift */; };
		8A7E13731EE083FB0031F8A3 /* LetterButton.swift in Sources */ = {isa = PBXBuildFile; fileRef = 8A7E13721EE083FB0031F8A3 /* LetterButton.swift */; };
		8A7E13771EE27E940031F8A3 /* AnswerButton.swift in Sources */ = {isa = PBXBuildFile; fileRef = 8A7E13761EE27E940031F8A3 /* AnswerButton.swift */; };
		8A7E13791EE27EA40031F8A3 /* GridButton.swift in Sources */ = {isa = PBXBuildFile; fileRef = 8A7E13781EE27EA40031F8A3 /* GridButton.swift */; };
		8A942E031EEE6DAE009CBF3A /* DataManager.swift in Sources */ = {isa = PBXBuildFile; fileRef = 8A942E021EEE6DAE009CBF3A /* DataManager.swift */; };
		8ADD89D01ED77B9C0093E432 /* AppDelegate.swift in Sources */ = {isa = PBXBuildFile; fileRef = 8ADD89CF1ED77B9C0093E432 /* AppDelegate.swift */; };
		8ADD89D21ED77B9C0093E432 /* HomeViewController.swift in Sources */ = {isa = PBXBuildFile; fileRef = 8ADD89D11ED77B9C0093E432 /* HomeViewController.swift */; };
		8ADD89D51ED77B9C0093E432 /* Main.storyboard in Resources */ = {isa = PBXBuildFile; fileRef = 8ADD89D31ED77B9C0093E432 /* Main.storyboard */; };
		8ADD89D81ED77B9C0093E432 /* ChatwaModel.xcdatamodeld in Sources */ = {isa = PBXBuildFile; fileRef = 8ADD89D61ED77B9C0093E432 /* ChatwaModel.xcdatamodeld */; };
		8ADD89DA1ED77B9C0093E432 /* Assets.xcassets in Resources */ = {isa = PBXBuildFile; fileRef = 8ADD89D91ED77B9C0093E432 /* Assets.xcassets */; };
		8ADD89DD1ED77B9C0093E432 /* LaunchScreen.storyboard in Resources */ = {isa = PBXBuildFile; fileRef = 8ADD89DB1ED77B9C0093E432 /* LaunchScreen.storyboard */; };
/* End PBXBuildFile section */

/* Begin PBXFileReference section */
		0A20B7341F0DABB100659709 /* UIViewController+Utils.swift */ = {isa = PBXFileReference; fileEncoding = 4; lastKnownFileType = sourcecode.swift; path = "UIViewController+Utils.swift"; sourceTree = "<group>"; };
		0A20B7381F0DAC0700659709 /* UIColor+Utils.swift */ = {isa = PBXFileReference; fileEncoding = 4; lastKnownFileType = sourcecode.swift; path = "UIColor+Utils.swift"; sourceTree = "<group>"; };
		0A20B73A1F0DAC4700659709 /* UIView+Utils.swift */ = {isa = PBXFileReference; fileEncoding = 4; lastKnownFileType = sourcecode.swift; path = "UIView+Utils.swift"; sourceTree = "<group>"; };
		0A20B7411F0DD53E00659709 /* GameViewController+SetupUtils.swift */ = {isa = PBXFileReference; fileEncoding = 4; lastKnownFileType = sourcecode.swift; path = "GameViewController+SetupUtils.swift"; sourceTree = "<group>"; };
		0A20B7431F0DD56100659709 /* GameVewController+GameplayUtils.swift */ = {isa = PBXFileReference; fileEncoding = 4; lastKnownFileType = sourcecode.swift; path = "GameVewController+GameplayUtils.swift"; sourceTree = "<group>"; };
		0A48BB261F0EF256007CDA28 /* GoogleService-Info.plist */ = {isa = PBXFileReference; fileEncoding = 4; lastKnownFileType = text.plist.xml; path = "GoogleService-Info.plist"; sourceTree = "<group>"; };
		0A48BB281F0F1465007CDA28 /* CoreDataStack.swift */ = {isa = PBXFileReference; fileEncoding = 4; lastKnownFileType = sourcecode.swift; path = CoreDataStack.swift; sourceTree = "<group>"; };
		0A8402271F0F175F00ED7847 /* Round+CoreDataClass.swift */ = {isa = PBXFileReference; fileEncoding = 4; lastKnownFileType = sourcecode.swift; path = "Round+CoreDataClass.swift"; sourceTree = "<group>"; };
		0A8402281F0F175F00ED7847 /* Round+CoreDataProperties.swift */ = {isa = PBXFileReference; fileEncoding = 4; lastKnownFileType = sourcecode.swift; path = "Round+CoreDataProperties.swift"; sourceTree = "<group>"; };
		0A84022C1F0F6D0900ED7847 /* SuccessViewController.swift */ = {isa = PBXFileReference; fileEncoding = 4; lastKnownFileType = sourcecode.swift; path = SuccessViewController.swift; sourceTree = "<group>"; };
		0ABDB0711F118F64009C313C /* UIStackView+Clear.swift */ = {isa = PBXFileReference; fileEncoding = 4; lastKnownFileType = sourcecode.swift; path = "UIStackView+Clear.swift"; sourceTree = "<group>"; };
		4645D2301E8F897352598FF0 /* Pods-Chatwa iOS.release.xcconfig */ = {isa = PBXFileReference; includeInIndex = 1; lastKnownFileType = text.xcconfig; name = "Pods-Chatwa iOS.release.xcconfig"; path = "Pods/Target Support Files/Pods-Chatwa iOS/Pods-Chatwa iOS.release.xcconfig"; sourceTree = "<group>"; };
		50045D6D3F535BF3004228B6 /* Pods-Chatwa iOS.debug.xcconfig */ = {isa = PBXFileReference; includeInIndex = 1; lastKnownFileType = text.xcconfig; name = "Pods-Chatwa iOS.debug.xcconfig"; path = "Pods/Target Support Files/Pods-Chatwa iOS/Pods-Chatwa iOS.debug.xcconfig"; sourceTree = "<group>"; };
		8A4BFA651EE65F27007E320F /* AwohButton.swift */ = {isa = PBXFileReference; fileEncoding = 4; lastKnownFileType = sourcecode.swift; path = AwohButton.swift; sourceTree = "<group>"; };
		8A5D02431EDF246D00C3765E /* GameViewController.swift */ = {isa = PBXFileReference; fileEncoding = 4; lastKnownFileType = sourcecode.swift; path = GameViewController.swift; sourceTree = "<group>"; };
		8A7E13661EDF7A7C0031F8A3 /* awoh.mp3 */ = {isa = PBXFileReference; lastKnownFileType = audio.mp3; path = awoh.mp3; sourceTree = "<group>"; };
		8A7E13681EDF7A820031F8A3 /* click.mp3 */ = {isa = PBXFileReference; lastKnownFileType = audio.mp3; path = click.mp3; sourceTree = "<group>"; };
		8A7E136B1EDF7C400031F8A3 /* Constants.swift */ = {isa = PBXFileReference; fileEncoding = 4; lastKnownFileType = sourcecode.swift; path = Constants.swift; sourceTree = "<group>"; };
		8A7E13721EE083FB0031F8A3 /* LetterButton.swift */ = {isa = PBXFileReference; fileEncoding = 4; lastKnownFileType = sourcecode.swift; path = LetterButton.swift; sourceTree = "<group>"; };
		8A7E13761EE27E940031F8A3 /* AnswerButton.swift */ = {isa = PBXFileReference; fileEncoding = 4; lastKnownFileType = sourcecode.swift; path = AnswerButton.swift; sourceTree = "<group>"; };
		8A7E13781EE27EA40031F8A3 /* GridButton.swift */ = {isa = PBXFileReference; fileEncoding = 4; lastKnownFileType = sourcecode.swift; path = GridButton.swift; sourceTree = "<group>"; };
		8A942E021EEE6DAE009CBF3A /* DataManager.swift */ = {isa = PBXFileReference; fileEncoding = 4; lastKnownFileType = sourcecode.swift; path = DataManager.swift; sourceTree = "<group>"; };
		8ADD89CC1ED77B9C0093E432 /* Chatwa iOS.app */ = {isa = PBXFileReference; explicitFileType = wrapper.application; includeInIndex = 0; path = "Chatwa iOS.app"; sourceTree = BUILT_PRODUCTS_DIR; };
		8ADD89CF1ED77B9C0093E432 /* AppDelegate.swift */ = {isa = PBXFileReference; lastKnownFileType = sourcecode.swift; path = AppDelegate.swift; sourceTree = "<group>"; };
		8ADD89D11ED77B9C0093E432 /* HomeViewController.swift */ = {isa = PBXFileReference; lastKnownFileType = sourcecode.swift; path = HomeViewController.swift; sourceTree = "<group>"; };
		8ADD89D41ED77B9C0093E432 /* Base */ = {isa = PBXFileReference; lastKnownFileType = file.storyboard; name = Base; path = Base.lproj/Main.storyboard; sourceTree = "<group>"; };
		8ADD89D71ED77B9C0093E432 /* ChatwaModel.xcdatamodel */ = {isa = PBXFileReference; lastKnownFileType = wrapper.xcdatamodel; path = ChatwaModel.xcdatamodel; sourceTree = "<group>"; };
		8ADD89D91ED77B9C0093E432 /* Assets.xcassets */ = {isa = PBXFileReference; lastKnownFileType = folder.assetcatalog; path = Assets.xcassets; sourceTree = "<group>"; };
		8ADD89DC1ED77B9C0093E432 /* Base */ = {isa = PBXFileReference; lastKnownFileType = file.storyboard; name = Base; path = Base.lproj/LaunchScreen.storyboard; sourceTree = "<group>"; };
		8ADD89DE1ED77B9C0093E432 /* Info.plist */ = {isa = PBXFileReference; lastKnownFileType = text.plist.xml; path = Info.plist; sourceTree = "<group>"; };
		A5C83F71223E4B72DB5BC86E /* Pods_Chatwa_iOS.framework */ = {isa = PBXFileReference; explicitFileType = wrapper.framework; includeInIndex = 0; path = Pods_Chatwa_iOS.framework; sourceTree = BUILT_PRODUCTS_DIR; };
/* End PBXFileReference section */

/* Begin PBXFrameworksBuildPhase section */
		8ADD89C91ED77B9C0093E432 /* Frameworks */ = {
			isa = PBXFrameworksBuildPhase;
			buildActionMask = 2147483647;
			files = (
				27877E3D8F6667F0B48DC369 /* Pods_Chatwa_iOS.framework in Frameworks */,
			);
			runOnlyForDeploymentPostprocessing = 0;
		};
/* End PBXFrameworksBuildPhase section */

/* Begin PBXGroup section */
		0A20B7321F0DAAD500659709 /* View */ = {
			isa = PBXGroup;
			children = (
				8A7E13721EE083FB0031F8A3 /* LetterButton.swift */,
				8A7E13761EE27E940031F8A3 /* AnswerButton.swift */,
				8A7E13781EE27EA40031F8A3 /* GridButton.swift */,
				8A4BFA651EE65F27007E320F /* AwohButton.swift */,
			);
			path = View;
			sourceTree = "<group>";
		};
		0A20B7331F0DAAE300659709 /* Controller */ = {
			isa = PBXGroup;
			children = (
				8A942E041EEE6DB4009CBF3A /* Data Layer */,
				0A20B73C1F0DAC7C00659709 /* Extensions */,
				0A20B7371F0DABD900659709 /* Game */,
				0A20B7361F0DABD100659709 /* Home */,
			);
			path = Controller;
			sourceTree = "<group>";
		};
		0A20B7361F0DABD100659709 /* Home */ = {
			isa = PBXGroup;
			children = (
				8ADD89D11ED77B9C0093E432 /* HomeViewController.swift */,
			);
			path = Home;
			sourceTree = "<group>";
		};
		0A20B7371F0DABD900659709 /* Game */ = {
			isa = PBXGroup;
			children = (
				0A84022B1F0F6CEB00ED7847 /* Success */,
				8A5D02431EDF246D00C3765E /* GameViewController.swift */,
				0A20B7411F0DD53E00659709 /* GameViewController+SetupUtils.swift */,
				0A20B7431F0DD56100659709 /* GameVewController+GameplayUtils.swift */,
			);
			path = Game;
			sourceTree = "<group>";
		};
		0A20B73C1F0DAC7C00659709 /* Extensions */ = {
			isa = PBXGroup;
			children = (
				0A20B7341F0DABB100659709 /* UIViewController+Utils.swift */,
				0A20B7381F0DAC0700659709 /* UIColor+Utils.swift */,
				0A20B73A1F0DAC4700659709 /* UIView+Utils.swift */,
				0ABDB0711F118F64009C313C /* UIStackView+Clear.swift */,
			);
			path = Extensions;
			sourceTree = "<group>";
		};
		0A20B73D1F0DACC400659709 /* Assets */ = {
			isa = PBXGroup;
			children = (
				8ADD89D91ED77B9C0093E432 /* Assets.xcassets */,
				8A7E13641EDF7A450031F8A3 /* Sounds */,
			);
			path = Assets;
			sourceTree = "<group>";
		};
		0A20B73E1F0DACEA00659709 /* Storyboards */ = {
			isa = PBXGroup;
			children = (
				8ADD89D31ED77B9C0093E432 /* Main.storyboard */,
				8ADD89DB1ED77B9C0093E432 /* LaunchScreen.storyboard */,
			);
			name = Storyboards;
			sourceTree = "<group>";
		};
		0A20B73F1F0DAD0100659709 /* Model */ = {
			isa = PBXGroup;
			children = (
				0A8402271F0F175F00ED7847 /* Round+CoreDataClass.swift */,
				0A8402281F0F175F00ED7847 /* Round+CoreDataProperties.swift */,
				0A48BB281F0F1465007CDA28 /* CoreDataStack.swift */,
			);
			path = Model;
			sourceTree = "<group>";
		};
		0A20B7401F0DAD0F00659709 /* Supporting files */ = {
			isa = PBXGroup;
			children = (
				8ADD89DE1ED77B9C0093E432 /* Info.plist */,
			);
			name = "Supporting files";
			sourceTree = "<group>";
		};
		0A84022B1F0F6CEB00ED7847 /* Success */ = {
			isa = PBXGroup;
			children = (
				0A84022C1F0F6D0900ED7847 /* SuccessViewController.swift */,
			);
			name = Success;
			sourceTree = "<group>";
		};
		634AF41CC7A43B7BAA916993 /* Pods */ = {
			isa = PBXGroup;
			children = (
				50045D6D3F535BF3004228B6 /* Pods-Chatwa iOS.debug.xcconfig */,
				4645D2301E8F897352598FF0 /* Pods-Chatwa iOS.release.xcconfig */,
			);
			name = Pods;
			sourceTree = "<group>";
		};
		8A7E13641EDF7A450031F8A3 /* Sounds */ = {
			isa = PBXGroup;
			children = (
				8A7E13661EDF7A7C0031F8A3 /* awoh.mp3 */,
				8A7E13681EDF7A820031F8A3 /* click.mp3 */,
			);
			path = Sounds;
			sourceTree = "<group>";
		};
		8A942E041EEE6DB4009CBF3A /* Data Layer */ = {
			isa = PBXGroup;
			children = (
				8A942E021EEE6DAE009CBF3A /* DataManager.swift */,
			);
			path = "Data Layer";
			sourceTree = "<group>";
		};
		8ADD89C31ED77B9C0093E432 = {
			isa = PBXGroup;
			children = (
				8ADD89CE1ED77B9C0093E432 /* Chatwa iOS */,
				8ADD89CD1ED77B9C0093E432 /* Products */,
				634AF41CC7A43B7BAA916993 /* Pods */,
				F1DC57A3CE5C64F7BD75D4A0 /* Frameworks */,
			);
			sourceTree = "<group>";
		};
		8ADD89CD1ED77B9C0093E432 /* Products */ = {
			isa = PBXGroup;
			children = (
				8ADD89CC1ED77B9C0093E432 /* Chatwa iOS.app */,
			);
			name = Products;
			sourceTree = "<group>";
		};
		8ADD89CE1ED77B9C0093E432 /* Chatwa iOS */ = {
			isa = PBXGroup;
			children = (
				0A20B73F1F0DAD0100659709 /* Model */,
				0A20B7331F0DAAE300659709 /* Controller */,
				0A20B7321F0DAAD500659709 /* View */,
				0A20B73D1F0DACC400659709 /* Assets */,
				0A20B73E1F0DACEA00659709 /* Storyboards */,
				0A20B7401F0DAD0F00659709 /* Supporting files */,
				8ADD89CF1ED77B9C0093E432 /* AppDelegate.swift */,
				8A7E136B1EDF7C400031F8A3 /* Constants.swift */,
				0A48BB261F0EF256007CDA28 /* GoogleService-Info.plist */,
				8ADD89D61ED77B9C0093E432 /* ChatwaModel.xcdatamodeld */,
			);
			path = "Chatwa iOS";
			sourceTree = "<group>";
		};
		F1DC57A3CE5C64F7BD75D4A0 /* Frameworks */ = {
			isa = PBXGroup;
			children = (
				A5C83F71223E4B72DB5BC86E /* Pods_Chatwa_iOS.framework */,
			);
			name = Frameworks;
			sourceTree = "<group>";
		};
/* End PBXGroup section */

/* Begin PBXNativeTarget section */
		8ADD89CB1ED77B9C0093E432 /* Chatwa iOS */ = {
			isa = PBXNativeTarget;
			buildConfigurationList = 8ADD89E11ED77B9C0093E432 /* Build configuration list for PBXNativeTarget "Chatwa iOS" */;
			buildPhases = (
				1CDB419A8FE577B0647090EB /* [CP] Check Pods Manifest.lock */,
				8ADD89C81ED77B9C0093E432 /* Sources */,
				8ADD89C91ED77B9C0093E432 /* Frameworks */,
				8ADD89CA1ED77B9C0093E432 /* Resources */,
				C273CDB6F88EF47333732336 /* [CP] Embed Pods Frameworks */,
				357818099C3837E0F9AED031 /* [CP] Copy Pods Resources */,
			);
			buildRules = (
			);
			dependencies = (
			);
			name = "Chatwa iOS";
			productName = "Chatwa iOS";
			productReference = 8ADD89CC1ED77B9C0093E432 /* Chatwa iOS.app */;
			productType = "com.apple.product-type.application";
		};
/* End PBXNativeTarget section */

/* Begin PBXProject section */
		8ADD89C41ED77B9C0093E432 /* Project object */ = {
			isa = PBXProject;
			attributes = {
				LastSwiftUpdateCheck = 0830;
				LastUpgradeCheck = 0830;
				ORGANIZATIONNAME = Chatwa;
				TargetAttributes = {
					8ADD89CB1ED77B9C0093E432 = {
						CreatedOnToolsVersion = 8.3.2;
						DevelopmentTeam = W52FYE629M;
						ProvisioningStyle = Automatic;
					};
				};
			};
			buildConfigurationList = 8ADD89C71ED77B9C0093E432 /* Build configuration list for PBXProject "Chatwa iOS" */;
			compatibilityVersion = "Xcode 3.2";
			developmentRegion = English;
			hasScannedForEncodings = 0;
			knownRegions = (
				en,
				Base,
			);
			mainGroup = 8ADD89C31ED77B9C0093E432;
			productRefGroup = 8ADD89CD1ED77B9C0093E432 /* Products */;
			projectDirPath = "";
			projectRoot = "";
			targets = (
				8ADD89CB1ED77B9C0093E432 /* Chatwa iOS */,
			);
		};
/* End PBXProject section */

/* Begin PBXResourcesBuildPhase section */
		8ADD89CA1ED77B9C0093E432 /* Resources */ = {
			isa = PBXResourcesBuildPhase;
			buildActionMask = 2147483647;
			files = (
				8ADD89DD1ED77B9C0093E432 /* LaunchScreen.storyboard in Resources */,
				8A7E13691EDF7A820031F8A3 /* click.mp3 in Resources */,
				8A7E13671EDF7A7C0031F8A3 /* awoh.mp3 in Resources */,
				8ADD89DA1ED77B9C0093E432 /* Assets.xcassets in Resources */,
				8ADD89D51ED77B9C0093E432 /* Main.storyboard in Resources */,
				0A48BB271F0EF256007CDA28 /* GoogleService-Info.plist in Resources */,
			);
			runOnlyForDeploymentPostprocessing = 0;
		};
/* End PBXResourcesBuildPhase section */

/* Begin PBXShellScriptBuildPhase section */
		1CDB419A8FE577B0647090EB /* [CP] Check Pods Manifest.lock */ = {
			isa = PBXShellScriptBuildPhase;
			buildActionMask = 2147483647;
			files = (
			);
			inputPaths = (
			);
			name = "[CP] Check Pods Manifest.lock";
			outputPaths = (
			);
			runOnlyForDeploymentPostprocessing = 0;
			shellPath = /bin/sh;
			shellScript = "diff \"${PODS_PODFILE_DIR_PATH}/Podfile.lock\" \"${PODS_ROOT}/Manifest.lock\" > /dev/null\nif [ $? != 0 ] ; then\n    # print error to STDERR\n    echo \"error: The sandbox is not in sync with the Podfile.lock. Run 'pod install' or update your CocoaPods installation.\" >&2\n    exit 1\nfi\n";
			showEnvVarsInLog = 0;
		};
		357818099C3837E0F9AED031 /* [CP] Copy Pods Resources */ = {
			isa = PBXShellScriptBuildPhase;
			buildActionMask = 2147483647;
			files = (
			);
			inputPaths = (
			);
			name = "[CP] Copy Pods Resources";
			outputPaths = (
			);
			runOnlyForDeploymentPostprocessing = 0;
			shellPath = /bin/sh;
			shellScript = "\"${SRCROOT}/Pods/Target Support Files/Pods-Chatwa iOS/Pods-Chatwa iOS-resources.sh\"\n";
			showEnvVarsInLog = 0;
		};
		C273CDB6F88EF47333732336 /* [CP] Embed Pods Frameworks */ = {
			isa = PBXShellScriptBuildPhase;
			buildActionMask = 2147483647;
			files = (
			);
			inputPaths = (
			);
			name = "[CP] Embed Pods Frameworks";
			outputPaths = (
			);
			runOnlyForDeploymentPostprocessing = 0;
			shellPath = /bin/sh;
			shellScript = "\"${SRCROOT}/Pods/Target Support Files/Pods-Chatwa iOS/Pods-Chatwa iOS-frameworks.sh\"\n";
			showEnvVarsInLog = 0;
		};
/* End PBXShellScriptBuildPhase section */

/* Begin PBXSourcesBuildPhase section */
		8ADD89C81ED77B9C0093E432 /* Sources */ = {
			isa = PBXSourcesBuildPhase;
			buildActionMask = 2147483647;
			files = (
				8A7E136C1EDF7C400031F8A3 /* Constants.swift in Sources */,
				8A942E031EEE6DAE009CBF3A /* DataManager.swift in Sources */,
				8A7E13771EE27E940031F8A3 /* AnswerButton.swift in Sources */,
				0ABDB0721F118F64009C313C /* UIStackView+Clear.swift in Sources */,
				8A5D02441EDF246D00C3765E /* GameViewController.swift in Sources */,
				8ADD89D81ED77B9C0093E432 /* ChatwaModel.xcdatamodeld in Sources */,
				8A7E13731EE083FB0031F8A3 /* LetterButton.swift in Sources */,
				8A4BFA661EE65F27007E320F /* AwohButton.swift in Sources */,
				0A48BB291F0F1465007CDA28 /* CoreDataStack.swift in Sources */,
				0A20B73B1F0DAC4700659709 /* UIView+Utils.swift in Sources */,
				8ADD89D21ED77B9C0093E432 /* HomeViewController.swift in Sources */,
				0A84022A1F0F175F00ED7847 /* Round+CoreDataProperties.swift in Sources */,
				0A20B7441F0DD56100659709 /* GameVewController+GameplayUtils.swift in Sources */,
				8ADD89D01ED77B9C0093E432 /* AppDelegate.swift in Sources */,
				0A8402291F0F175F00ED7847 /* Round+CoreDataClass.swift in Sources */,
				0A84022D1F0F6D0900ED7847 /* SuccessViewController.swift in Sources */,
				0A20B7421F0DD53F00659709 /* GameViewController+SetupUtils.swift in Sources */,
				0A20B7351F0DABB100659709 /* UIViewController+Utils.swift in Sources */,
				8A7E13791EE27EA40031F8A3 /* GridButton.swift in Sources */,
				0A20B7391F0DAC0700659709 /* UIColor+Utils.swift in Sources */,
			);
			runOnlyForDeploymentPostprocessing = 0;
		};
/* End PBXSourcesBuildPhase section */

/* Begin PBXVariantGroup section */
		8ADD89D31ED77B9C0093E432 /* Main.storyboard */ = {
			isa = PBXVariantGroup;
			children = (
				8ADD89D41ED77B9C0093E432 /* Base */,
			);
			name = Main.storyboard;
			sourceTree = "<group>";
		};
		8ADD89DB1ED77B9C0093E432 /* LaunchScreen.storyboard */ = {
			isa = PBXVariantGroup;
			children = (
				8ADD89DC1ED77B9C0093E432 /* Base */,
			);
			name = LaunchScreen.storyboard;
			sourceTree = "<group>";
		};
/* End PBXVariantGroup section */

/* Begin XCBuildConfiguration section */
		8ADD89DF1ED77B9C0093E432 /* Debug */ = {
			isa = XCBuildConfiguration;
			buildSettings = {
				ALWAYS_SEARCH_USER_PATHS = NO;
				CLANG_ANALYZER_NONNULL = YES;
				CLANG_ANALYZER_NUMBER_OBJECT_CONVERSION = YES_AGGRESSIVE;
				CLANG_CXX_LANGUAGE_STANDARD = "gnu++0x";
				CLANG_CXX_LIBRARY = "libc++";
				CLANG_ENABLE_MODULES = YES;
				CLANG_ENABLE_OBJC_ARC = YES;
				CLANG_WARN_BOOL_CONVERSION = YES;
				CLANG_WARN_CONSTANT_CONVERSION = YES;
				CLANG_WARN_DIRECT_OBJC_ISA_USAGE = YES_ERROR;
				CLANG_WARN_DOCUMENTATION_COMMENTS = YES;
				CLANG_WARN_EMPTY_BODY = YES;
				CLANG_WARN_ENUM_CONVERSION = YES;
				CLANG_WARN_INFINITE_RECURSION = YES;
				CLANG_WARN_INT_CONVERSION = YES;
				CLANG_WARN_OBJC_ROOT_CLASS = YES_ERROR;
				CLANG_WARN_SUSPICIOUS_MOVE = YES;
				CLANG_WARN_UNREACHABLE_CODE = YES;
				CLANG_WARN__DUPLICATE_METHOD_MATCH = YES;
				"CODE_SIGN_IDENTITY[sdk=iphoneos*]" = "iPhone Developer";
				COPY_PHASE_STRIP = NO;
				DEBUG_INFORMATION_FORMAT = dwarf;
				ENABLE_STRICT_OBJC_MSGSEND = YES;
				ENABLE_TESTABILITY = YES;
				GCC_C_LANGUAGE_STANDARD = gnu99;
				GCC_DYNAMIC_NO_PIC = NO;
				GCC_NO_COMMON_BLOCKS = YES;
				GCC_OPTIMIZATION_LEVEL = 0;
				GCC_PREPROCESSOR_DEFINITIONS = (
					"DEBUG=1",
					"$(inherited)",
				);
				GCC_WARN_64_TO_32_BIT_CONVERSION = YES;
				GCC_WARN_ABOUT_RETURN_TYPE = YES_ERROR;
				GCC_WARN_UNDECLARED_SELECTOR = YES;
				GCC_WARN_UNINITIALIZED_AUTOS = YES_AGGRESSIVE;
				GCC_WARN_UNUSED_FUNCTION = YES;
				GCC_WARN_UNUSED_VARIABLE = YES;
				IPHONEOS_DEPLOYMENT_TARGET = 10.3;
				MTL_ENABLE_DEBUG_INFO = YES;
				ONLY_ACTIVE_ARCH = YES;
				SDKROOT = iphoneos;
				SWIFT_ACTIVE_COMPILATION_CONDITIONS = DEBUG;
				SWIFT_OPTIMIZATION_LEVEL = "-Onone";
				TARGETED_DEVICE_FAMILY = "1,2";
			};
			name = Debug;
		};
		8ADD89E01ED77B9C0093E432 /* Release */ = {
			isa = XCBuildConfiguration;
			buildSettings = {
				ALWAYS_SEARCH_USER_PATHS = NO;
				CLANG_ANALYZER_NONNULL = YES;
				CLANG_ANALYZER_NUMBER_OBJECT_CONVERSION = YES_AGGRESSIVE;
				CLANG_CXX_LANGUAGE_STANDARD = "gnu++0x";
				CLANG_CXX_LIBRARY = "libc++";
				CLANG_ENABLE_MODULES = YES;
				CLANG_ENABLE_OBJC_ARC = YES;
				CLANG_WARN_BOOL_CONVERSION = YES;
				CLANG_WARN_CONSTANT_CONVERSION = YES;
				CLANG_WARN_DIRECT_OBJC_ISA_USAGE = YES_ERROR;
				CLANG_WARN_DOCUMENTATION_COMMENTS = YES;
				CLANG_WARN_EMPTY_BODY = YES;
				CLANG_WARN_ENUM_CONVERSION = YES;
				CLANG_WARN_INFINITE_RECURSION = YES;
				CLANG_WARN_INT_CONVERSION = YES;
				CLANG_WARN_OBJC_ROOT_CLASS = YES_ERROR;
				CLANG_WARN_SUSPICIOUS_MOVE = YES;
				CLANG_WARN_UNREACHABLE_CODE = YES;
				CLANG_WARN__DUPLICATE_METHOD_MATCH = YES;
				"CODE_SIGN_IDENTITY[sdk=iphoneos*]" = "iPhone Developer";
				COPY_PHASE_STRIP = NO;
				DEBUG_INFORMATION_FORMAT = "dwarf-with-dsym";
				ENABLE_NS_ASSERTIONS = NO;
				ENABLE_STRICT_OBJC_MSGSEND = YES;
				GCC_C_LANGUAGE_STANDARD = gnu99;
				GCC_NO_COMMON_BLOCKS = YES;
				GCC_WARN_64_TO_32_BIT_CONVERSION = YES;
				GCC_WARN_ABOUT_RETURN_TYPE = YES_ERROR;
				GCC_WARN_UNDECLARED_SELECTOR = YES;
				GCC_WARN_UNINITIALIZED_AUTOS = YES_AGGRESSIVE;
				GCC_WARN_UNUSED_FUNCTION = YES;
				GCC_WARN_UNUSED_VARIABLE = YES;
				IPHONEOS_DEPLOYMENT_TARGET = 10.3;
				MTL_ENABLE_DEBUG_INFO = NO;
				SDKROOT = iphoneos;
				SWIFT_OPTIMIZATION_LEVEL = "-Owholemodule";
				TARGETED_DEVICE_FAMILY = "1,2";
				VALIDATE_PRODUCT = YES;
			};
			name = Release;
		};
		8ADD89E21ED77B9C0093E432 /* Debug */ = {
			isa = XCBuildConfiguration;
			baseConfigurationReference = 50045D6D3F535BF3004228B6 /* Pods-Chatwa iOS.debug.xcconfig */;
			buildSettings = {
				ASSETCATALOG_COMPILER_APPICON_NAME = AppIcon;
				DEVELOPMENT_TEAM = W52FYE629M;
				INFOPLIST_FILE = "Chatwa iOS/Info.plist";
				LD_RUNPATH_SEARCH_PATHS = "$(inherited) @executable_path/Frameworks";
				PRODUCT_BUNDLE_IDENTIFIER = com.chatwa.Chatwa;
				PRODUCT_NAME = "$(TARGET_NAME)";
				SWIFT_VERSION = 3.0;
			};
			name = Debug;
		};
		8ADD89E31ED77B9C0093E432 /* Release */ = {
			isa = XCBuildConfiguration;
			baseConfigurationReference = 4645D2301E8F897352598FF0 /* Pods-Chatwa iOS.release.xcconfig */;
			buildSettings = {
				ASSETCATALOG_COMPILER_APPICON_NAME = AppIcon;
				DEVELOPMENT_TEAM = W52FYE629M;
				INFOPLIST_FILE = "Chatwa iOS/Info.plist";
				LD_RUNPATH_SEARCH_PATHS = "$(inherited) @executable_path/Frameworks";
				PRODUCT_BUNDLE_IDENTIFIER = com.chatwa.Chatwa;
				PRODUCT_NAME = "$(TARGET_NAME)";
				SWIFT_VERSION = 3.0;
			};
			name = Release;
		};
/* End XCBuildConfiguration section */

/* Begin XCConfigurationList section */
		8ADD89C71ED77B9C0093E432 /* Build configuration list for PBXProject "Chatwa iOS" */ = {
			isa = XCConfigurationList;
			buildConfigurations = (
				8ADD89DF1ED77B9C0093E432 /* Debug */,
				8ADD89E01ED77B9C0093E432 /* Release */,
			);
			defaultConfigurationIsVisible = 0;
			defaultConfigurationName = Release;
		};
		8ADD89E11ED77B9C0093E432 /* Build configuration list for PBXNativeTarget "Chatwa iOS" */ = {
			isa = XCConfigurationList;
			buildConfigurations = (
				8ADD89E21ED77B9C0093E432 /* Debug */,
				8ADD89E31ED77B9C0093E432 /* Release */,
			);
			defaultConfigurationIsVisible = 0;
			defaultConfigurationName = Release;
		};
/* End XCConfigurationList section */

/* Begin XCVersionGroup section */
		8ADD89D61ED77B9C0093E432 /* ChatwaModel.xcdatamodeld */ = {
			isa = XCVersionGroup;
			children = (
				8ADD89D71ED77B9C0093E432 /* ChatwaModel.xcdatamodel */,
			);
			currentVersion = 8ADD89D71ED77B9C0093E432 /* ChatwaModel.xcdatamodel */;
			path = ChatwaModel.xcdatamodeld;
			sourceTree = "<group>";
			versionGroupType = wrapper.xcdatamodel;
		};
/* End XCVersionGroup section */
	};
	rootObject = 8ADD89C41ED77B9C0093E432 /* Project object */;
}
